
Microsoft Visual Studio Solution File, Format Version 12.00
# Visual Studio Version 17
VisualStudioVersion = 17.13.35825.156 d17.13
MinimumVisualStudioVersion = 10.0.40219.1
Project("{FAE04EC0-301F-11D3-BF4B-00C04F79EFBC}") = "NewsBuddy_Nick", "NewsBuddy_Nick\NewsBuddy_Nick.csproj", "{B629755C-4C07-460A-BEBA-D0C66C6A4CFE}"
EndProject
Global
	GlobalSection(SolutionConfigurationPlatforms) = preSolution
		Debug|Any CPU = Debug|Any CPU
		Release|Any CPU = Release|Any CPU
	EndGlobalSection
	GlobalSection(ProjectConfigurationPlatforms) = postSolution
		{B629755C-4C07-460A-BEBA-D0C66C6A4CFE}.Debug|Any CPU.ActiveCfg = Debug|Any CPU
		{B629755C-4C07-460A-BEBA-D0C66C6A4CFE}.Debug|Any CPU.Build.0 = Debug|Any CPU
		{B629755C-4C07-460A-BEBA-D0C66C6A4CFE}.Debug|Any CPU.Deploy.0 = Debug|Any CPU
		{B629755C-4C07-460A-BEBA-D0C66C6A4CFE}.Release|Any CPU.ActiveCfg = Release|Any CPU
		{B629755C-4C07-460A-BEBA-D0C66C6A4CFE}.Release|Any CPU.Build.0 = Release|Any CPU
	EndGlobalSection
	GlobalSection(SolutionProperties) = preSolution
		HideSolutionNode = FALSE
	EndGlobalSection
	GlobalSection(ExtensibilityGlobals) = postSolution
		SolutionGuid = {BF99E748-650B-490C-BF9F-F95AE26CD112}
	EndGlobalSection
EndGlobal
